
Microsoft Visual Studio Solution File, Format Version 12.00
# Visual Studio 15
VisualStudioVersion = 15.0.25807.0
MinimumVisualStudioVersion = 10.0.40219.1
Project("{2150E333-8FDC-42A3-9474-1A3956D46DE8}") = "Engine", "Engine", "{FC0F5718-C08C-481F-A093-756ED66D7234}"
EndProject
Project("{2150E333-8FDC-42A3-9474-1A3956D46DE8}") = "Games", "Games", "{A8CF5A57-5E92-4E9C-B166-757FD8A227BD}"
EndProject
Project("{8BC9CEB8-8B4A-11D0-8D11-00A0C91BC942}") = "SOLARLAND", "Intermediate\ProjectFiles\SOLARLAND.vcxproj", "{86E3E671-A4A6-482D-A24E-7F071072826E}"
EndProject
Project("{8BC9CEB8-8B4A-11D0-8D11-00A0C91BC942}") = "UE4", "Intermediate\ProjectFiles\UE4.vcxproj", "{651476B1-E6A5-4738-A057-936162B6157B}"
EndProject
Project("{2150E333-8FDC-42A3-9474-1A3956D46DE8}") = "Visualizers", "Visualizers", "{F0AF39A7-DB68-434A-B076-AEFB10E9287F}"
	ProjectSection(SolutionItems) = preProject
		..\..\..\Program Files\Epic Games\UE_4.24\Engine\Extras\VisualStudioDebugging\UE4.natvis = ..\..\..\Program Files\Epic Games\UE_4.24\Engine\Extras\VisualStudioDebugging\UE4.natvis
	EndProjectSection
EndProject
Global
	GlobalSection(SolutionConfigurationPlatforms) = preSolution
		DebugGame Editor|Win32 = DebugGame Editor|Win32
		DebugGame Editor|Win64 = DebugGame Editor|Win64
		DebugGame|Win32 = DebugGame|Win32
		DebugGame|Win64 = DebugGame|Win64
		Development Editor|Win32 = Development Editor|Win32
		Development Editor|Win64 = Development Editor|Win64
		Development|Win32 = Development|Win32
		Development|Win64 = Development|Win64
		Shipping|Win32 = Shipping|Win32
		Shipping|Win64 = Shipping|Win64
	EndGlobalSection
	GlobalSection(ProjectConfigurationPlatforms) = postSolution
		{86E3E671-A4A6-482D-A24E-7F071072826E}.DebugGame Editor|Win32.ActiveCfg = Invalid|Win32
		{86E3E671-A4A6-482D-A24E-7F071072826E}.DebugGame Editor|Win64.ActiveCfg = DebugGame_Editor|x64
		{86E3E671-A4A6-482D-A24E-7F071072826E}.DebugGame Editor|Win64.Build.0 = DebugGame_Editor|x64
		{86E3E671-A4A6-482D-A24E-7F071072826E}.DebugGame|Win32.ActiveCfg = DebugGame|Win32
		{86E3E671-A4A6-482D-A24E-7F071072826E}.DebugGame|Win32.Build.0 = DebugGame|Win32
		{86E3E671-A4A6-482D-A24E-7F071072826E}.DebugGame|Win64.ActiveCfg = DebugGame|x64
		{86E3E671-A4A6-482D-A24E-7F071072826E}.DebugGame|Win64.Build.0 = DebugGame|x64
		{86E3E671-A4A6-482D-A24E-7F071072826E}.Development Editor|Win32.ActiveCfg = Invalid|Win32
		{86E3E671-A4A6-482D-A24E-7F071072826E}.Development Editor|Win64.ActiveCfg = Development_Editor|x64
		{86E3E671-A4A6-482D-A24E-7F071072826E}.Development Editor|Win64.Build.0 = Development_Editor|x64
		{86E3E671-A4A6-482D-A24E-7F071072826E}.Development|Win32.ActiveCfg = Development|Win32
		{86E3E671-A4A6-482D-A24E-7F071072826E}.Development|Win32.Build.0 = Development|Win32
		{86E3E671-A4A6-482D-A24E-7F071072826E}.Development|Win64.ActiveCfg = Development|x64
		{86E3E671-A4A6-482D-A24E-7F071072826E}.Development|Win64.Build.0 = Development|x64
		{86E3E671-A4A6-482D-A24E-7F071072826E}.Shipping|Win32.ActiveCfg = Shipping|Win32
		{86E3E671-A4A6-482D-A24E-7F071072826E}.Shipping|Win32.Build.0 = Shipping|Win32
		{86E3E671-A4A6-482D-A24E-7F071072826E}.Shipping|Win64.ActiveCfg = Shipping|x64
		{86E3E671-A4A6-482D-A24E-7F071072826E}.Shipping|Win64.Build.0 = Shipping|x64
		{651476B1-E6A5-4738-A057-936162B6157B}.DebugGame Editor|Win32.ActiveCfg = BuiltWithUnrealBuildTool|Win32
		{651476B1-E6A5-4738-A057-936162B6157B}.DebugGame Editor|Win64.ActiveCfg = BuiltWithUnrealBuildTool|Win32
		{651476B1-E6A5-4738-A057-936162B6157B}.DebugGame|Win32.ActiveCfg = BuiltWithUnrealBuildTool|Win32
		{651476B1-E6A5-4738-A057-936162B6157B}.DebugGame|Win64.ActiveCfg = BuiltWithUnrealBuildTool|Win32
		{651476B1-E6A5-4738-A057-936162B6157B}.Development Editor|Win32.ActiveCfg = BuiltWithUnrealBuildTool|Win32
		{651476B1-E6A5-4738-A057-936162B6157B}.Development Editor|Win64.ActiveCfg = BuiltWithUnrealBuildTool|Win32
		{651476B1-E6A5-4738-A057-936162B6157B}.Development|Win32.ActiveCfg = BuiltWithUnrealBuildTool|Win32
		{651476B1-E6A5-4738-A057-936162B6157B}.Development|Win64.ActiveCfg = BuiltWithUnrealBuildTool|Win32
		{651476B1-E6A5-4738-A057-936162B6157B}.Shipping|Win32.ActiveCfg = BuiltWithUnrealBuildTool|Win32
		{651476B1-E6A5-4738-A057-936162B6157B}.Shipping|Win64.ActiveCfg = BuiltWithUnrealBuildTool|Win32
	EndGlobalSection
	GlobalSection(SolutionProperties) = preSolution
		HideSolutionNode = FALSE
	EndGlobalSection
	GlobalSection(NestedProjects) = preSolution
		{651476B1-E6A5-4738-A057-936162B6157B} = {FC0F5718-C08C-481F-A093-756ED66D7234}
		{86E3E671-A4A6-482D-A24E-7F071072826E} = {A8CF5A57-5E92-4E9C-B166-757FD8A227BD}
	EndGlobalSection
EndGlobal
