
Microsoft Visual Studio Solution File, Format Version 12.00
# Visual Studio 15
VisualStudioVersion = 15.0.25807.0
MinimumVisualStudioVersion = 10.0.40219.1
Project("{2150E333-8FDC-42A3-9474-1A3956D46DE8}") = "Engine", "Engine", "{F4353C23-CA1A-43E7-A06D-3DD4596AEEEB}"
EndProject
Project("{2150E333-8FDC-42A3-9474-1A3956D46DE8}") = "Games", "Games", "{A6D55357-0B2A-4478-92CF-D0E7FF5923DF}"
EndProject
Project("{8BC9CEB8-8B4A-11D0-8D11-00A0C91BC942}") = "UE4", "Intermediate\ProjectFiles\UE4.vcxproj", "{FC919727-61CB-4327-A0DC-10F28A397139}"
EndProject
Project("{8BC9CEB8-8B4A-11D0-8D11-00A0C91BC942}") = "SOLARLAND", "Intermediate\ProjectFiles\SOLARLAND.vcxproj", "{0B262D58-07CC-4088-AF0F-977F5059207C}"
EndProject
Project("{2150E333-8FDC-42A3-9474-1A3956D46DE8}") = "Visualizers", "Visualizers", "{686B1951-E4F8-4AAC-84F2-73774FBA1D9E}"
	ProjectSection(SolutionItems) = preProject
		E:\Program Files\Epic Games\UE_4.24\Engine\Extras\VisualStudioDebugging\UE4.natvis = E:\Program Files\Epic Games\UE_4.24\Engine\Extras\VisualStudioDebugging\UE4.natvis
	EndProjectSection
EndProject
Global
	GlobalSection(SolutionConfigurationPlatforms) = preSolution
		DebugGame Editor|Android = DebugGame Editor|Android
		DebugGame Editor|Win32 = DebugGame Editor|Win32
		DebugGame Editor|Win64 = DebugGame Editor|Win64
		DebugGame|Android = DebugGame|Android
		DebugGame|Win32 = DebugGame|Win32
		DebugGame|Win64 = DebugGame|Win64
		Development Editor|Android = Development Editor|Android
		Development Editor|Win32 = Development Editor|Win32
		Development Editor|Win64 = Development Editor|Win64
		Development|Android = Development|Android
		Development|Win32 = Development|Win32
		Development|Win64 = Development|Win64
		Shipping|Android = Shipping|Android
		Shipping|Win32 = Shipping|Win32
		Shipping|Win64 = Shipping|Win64
	EndGlobalSection
	GlobalSection(ProjectConfigurationPlatforms) = postSolution
		{FC919727-61CB-4327-A0DC-10F28A397139}.DebugGame Editor|Android.ActiveCfg = BuiltWithUnrealBuildTool|Win32
		{FC919727-61CB-4327-A0DC-10F28A397139}.DebugGame Editor|Win32.ActiveCfg = BuiltWithUnrealBuildTool|Win32
		{FC919727-61CB-4327-A0DC-10F28A397139}.DebugGame Editor|Win64.ActiveCfg = BuiltWithUnrealBuildTool|Win32
		{FC919727-61CB-4327-A0DC-10F28A397139}.DebugGame|Android.ActiveCfg = BuiltWithUnrealBuildTool|Win32
		{FC919727-61CB-4327-A0DC-10F28A397139}.DebugGame|Win32.ActiveCfg = BuiltWithUnrealBuildTool|Win32
		{FC919727-61CB-4327-A0DC-10F28A397139}.DebugGame|Win64.ActiveCfg = BuiltWithUnrealBuildTool|Win32
		{FC919727-61CB-4327-A0DC-10F28A397139}.Development Editor|Android.ActiveCfg = BuiltWithUnrealBuildTool|Win32
		{FC919727-61CB-4327-A0DC-10F28A397139}.Development Editor|Win32.ActiveCfg = BuiltWithUnrealBuildTool|Win32
		{FC919727-61CB-4327-A0DC-10F28A397139}.Development Editor|Win64.ActiveCfg = BuiltWithUnrealBuildTool|Win32
		{FC919727-61CB-4327-A0DC-10F28A397139}.Development|Android.ActiveCfg = BuiltWithUnrealBuildTool|Win32
		{FC919727-61CB-4327-A0DC-10F28A397139}.Development|Win32.ActiveCfg = BuiltWithUnrealBuildTool|Win32
		{FC919727-61CB-4327-A0DC-10F28A397139}.Development|Win64.ActiveCfg = BuiltWithUnrealBuildTool|Win32
		{FC919727-61CB-4327-A0DC-10F28A397139}.Shipping|Android.ActiveCfg = BuiltWithUnrealBuildTool|Win32
		{FC919727-61CB-4327-A0DC-10F28A397139}.Shipping|Win32.ActiveCfg = BuiltWithUnrealBuildTool|Win32
		{FC919727-61CB-4327-A0DC-10F28A397139}.Shipping|Win64.ActiveCfg = BuiltWithUnrealBuildTool|Win32
		{0B262D58-07CC-4088-AF0F-977F5059207C}.DebugGame Editor|Android.ActiveCfg = Invalid|Win32
		{0B262D58-07CC-4088-AF0F-977F5059207C}.DebugGame Editor|Win32.ActiveCfg = Invalid|Win32
		{0B262D58-07CC-4088-AF0F-977F5059207C}.DebugGame Editor|Win64.ActiveCfg = DebugGame_Editor|x64
		{0B262D58-07CC-4088-AF0F-977F5059207C}.DebugGame Editor|Win64.Build.0 = DebugGame_Editor|x64
		{0B262D58-07CC-4088-AF0F-977F5059207C}.DebugGame|Android.ActiveCfg = Android_DebugGame|Win32
		{0B262D58-07CC-4088-AF0F-977F5059207C}.DebugGame|Android.Build.0 = Android_DebugGame|Win32
		{0B262D58-07CC-4088-AF0F-977F5059207C}.DebugGame|Win32.ActiveCfg = DebugGame|Win32
		{0B262D58-07CC-4088-AF0F-977F5059207C}.DebugGame|Win32.Build.0 = DebugGame|Win32
		{0B262D58-07CC-4088-AF0F-977F5059207C}.DebugGame|Win64.ActiveCfg = DebugGame|x64
		{0B262D58-07CC-4088-AF0F-977F5059207C}.DebugGame|Win64.Build.0 = DebugGame|x64
		{0B262D58-07CC-4088-AF0F-977F5059207C}.Development Editor|Android.ActiveCfg = Invalid|Win32
		{0B262D58-07CC-4088-AF0F-977F5059207C}.Development Editor|Win32.ActiveCfg = Invalid|Win32
		{0B262D58-07CC-4088-AF0F-977F5059207C}.Development Editor|Win64.ActiveCfg = Development_Editor|x64
		{0B262D58-07CC-4088-AF0F-977F5059207C}.Development Editor|Win64.Build.0 = Development_Editor|x64
		{0B262D58-07CC-4088-AF0F-977F5059207C}.Development|Android.ActiveCfg = Android_Development|Win32
		{0B262D58-07CC-4088-AF0F-977F5059207C}.Development|Android.Build.0 = Android_Development|Win32
		{0B262D58-07CC-4088-AF0F-977F5059207C}.Development|Win32.ActiveCfg = Development|Win32
		{0B262D58-07CC-4088-AF0F-977F5059207C}.Development|Win32.Build.0 = Development|Win32
		{0B262D58-07CC-4088-AF0F-977F5059207C}.Development|Win64.ActiveCfg = Development|x64
		{0B262D58-07CC-4088-AF0F-977F5059207C}.Development|Win64.Build.0 = Development|x64
		{0B262D58-07CC-4088-AF0F-977F5059207C}.Shipping|Android.ActiveCfg = Android_Shipping|Win32
		{0B262D58-07CC-4088-AF0F-977F5059207C}.Shipping|Android.Build.0 = Android_Shipping|Win32
		{0B262D58-07CC-4088-AF0F-977F5059207C}.Shipping|Win32.ActiveCfg = Shipping|Win32
		{0B262D58-07CC-4088-AF0F-977F5059207C}.Shipping|Win32.Build.0 = Shipping|Win32
		{0B262D58-07CC-4088-AF0F-977F5059207C}.Shipping|Win64.ActiveCfg = Shipping|x64
		{0B262D58-07CC-4088-AF0F-977F5059207C}.Shipping|Win64.Build.0 = Shipping|x64
	EndGlobalSection
	GlobalSection(SolutionProperties) = preSolution
		HideSolutionNode = FALSE
	EndGlobalSection
	GlobalSection(NestedProjects) = preSolution
		{FC919727-61CB-4327-A0DC-10F28A397139} = {F4353C23-CA1A-43E7-A06D-3DD4596AEEEB}
		{0B262D58-07CC-4088-AF0F-977F5059207C} = {A6D55357-0B2A-4478-92CF-D0E7FF5923DF}
	EndGlobalSection
EndGlobal
