
Microsoft Visual Studio Solution File, Format Version 12.00
# Visual Studio 15
VisualStudioVersion = 15.0.25807.0
MinimumVisualStudioVersion = 10.0.40219.1
Project("{2150E333-8FDC-42A3-9474-1A3956D46DE8}") = "Engine", "Engine", "{BAE4B1B1-A7CE-4440-88DD-97FB56167050}"
EndProject
Project("{2150E333-8FDC-42A3-9474-1A3956D46DE8}") = "Games", "Games", "{B7F8345A-C142-4D77-8262-F3A89D0CB5FD}"
EndProject
Project("{8BC9CEB8-8B4A-11D0-8D11-00A0C91BC942}") = "SOLARLAND", "Intermediate\ProjectFiles\SOLARLAND.vcxproj", "{56C5CBAB-BFC6-4C9E-9810-B50071FD9983}"
EndProject
Project("{8BC9CEB8-8B4A-11D0-8D11-00A0C91BC942}") = "UE4", "Intermediate\ProjectFiles\UE4.vcxproj", "{6926F452-BAED-4AA8-808D-C6C7B9C366A7}"
EndProject
Project("{2150E333-8FDC-42A3-9474-1A3956D46DE8}") = "Visualizers", "Visualizers", "{343F6A5C-90F0-4BDA-8D75-BD18FBE53675}"
	ProjectSection(SolutionItems) = preProject
		..\..\..\Program Files\Epic Games\UE_4.24\Engine\Extras\VisualStudioDebugging\UE4.natvis = ..\..\..\Program Files\Epic Games\UE_4.24\Engine\Extras\VisualStudioDebugging\UE4.natvis
	EndProjectSection
EndProject
Global
	GlobalSection(SolutionConfigurationPlatforms) = preSolution
		DebugGame Editor|Win32 = DebugGame Editor|Win32
		DebugGame Editor|Win64 = DebugGame Editor|Win64
		DebugGame|Win32 = DebugGame|Win32
		DebugGame|Win64 = DebugGame|Win64
		Development Editor|Win32 = Development Editor|Win32
		Development Editor|Win64 = Development Editor|Win64
		Development|Win32 = Development|Win32
		Development|Win64 = Development|Win64
		Shipping|Win32 = Shipping|Win32
		Shipping|Win64 = Shipping|Win64
	EndGlobalSection
	GlobalSection(ProjectConfigurationPlatforms) = postSolution
		{56C5CBAB-BFC6-4C9E-9810-B50071FD9983}.DebugGame Editor|Win32.ActiveCfg = Invalid|Win32
		{56C5CBAB-BFC6-4C9E-9810-B50071FD9983}.DebugGame Editor|Win64.ActiveCfg = DebugGame_Editor|x64
		{56C5CBAB-BFC6-4C9E-9810-B50071FD9983}.DebugGame Editor|Win64.Build.0 = DebugGame_Editor|x64
		{56C5CBAB-BFC6-4C9E-9810-B50071FD9983}.DebugGame|Win32.ActiveCfg = DebugGame|Win32
		{56C5CBAB-BFC6-4C9E-9810-B50071FD9983}.DebugGame|Win32.Build.0 = DebugGame|Win32
		{56C5CBAB-BFC6-4C9E-9810-B50071FD9983}.DebugGame|Win64.ActiveCfg = DebugGame|x64
		{56C5CBAB-BFC6-4C9E-9810-B50071FD9983}.DebugGame|Win64.Build.0 = DebugGame|x64
		{56C5CBAB-BFC6-4C9E-9810-B50071FD9983}.Development Editor|Win32.ActiveCfg = Invalid|Win32
		{56C5CBAB-BFC6-4C9E-9810-B50071FD9983}.Development Editor|Win64.ActiveCfg = Development_Editor|x64
		{56C5CBAB-BFC6-4C9E-9810-B50071FD9983}.Development Editor|Win64.Build.0 = Development_Editor|x64
		{56C5CBAB-BFC6-4C9E-9810-B50071FD9983}.Development|Win32.ActiveCfg = Development|Win32
		{56C5CBAB-BFC6-4C9E-9810-B50071FD9983}.Development|Win32.Build.0 = Development|Win32
		{56C5CBAB-BFC6-4C9E-9810-B50071FD9983}.Development|Win64.ActiveCfg = Development|x64
		{56C5CBAB-BFC6-4C9E-9810-B50071FD9983}.Development|Win64.Build.0 = Development|x64
		{56C5CBAB-BFC6-4C9E-9810-B50071FD9983}.Shipping|Win32.ActiveCfg = Shipping|Win32
		{56C5CBAB-BFC6-4C9E-9810-B50071FD9983}.Shipping|Win32.Build.0 = Shipping|Win32
		{56C5CBAB-BFC6-4C9E-9810-B50071FD9983}.Shipping|Win64.ActiveCfg = Shipping|x64
		{56C5CBAB-BFC6-4C9E-9810-B50071FD9983}.Shipping|Win64.Build.0 = Shipping|x64
		{6926F452-BAED-4AA8-808D-C6C7B9C366A7}.DebugGame Editor|Win32.ActiveCfg = BuiltWithUnrealBuildTool|Win32
		{6926F452-BAED-4AA8-808D-C6C7B9C366A7}.DebugGame Editor|Win64.ActiveCfg = BuiltWithUnrealBuildTool|Win32
		{6926F452-BAED-4AA8-808D-C6C7B9C366A7}.DebugGame|Win32.ActiveCfg = BuiltWithUnrealBuildTool|Win32
		{6926F452-BAED-4AA8-808D-C6C7B9C366A7}.DebugGame|Win64.ActiveCfg = BuiltWithUnrealBuildTool|Win32
		{6926F452-BAED-4AA8-808D-C6C7B9C366A7}.Development Editor|Win32.ActiveCfg = BuiltWithUnrealBuildTool|Win32
		{6926F452-BAED-4AA8-808D-C6C7B9C366A7}.Development Editor|Win64.ActiveCfg = BuiltWithUnrealBuildTool|Win32
		{6926F452-BAED-4AA8-808D-C6C7B9C366A7}.Development|Win32.ActiveCfg = BuiltWithUnrealBuildTool|Win32
		{6926F452-BAED-4AA8-808D-C6C7B9C366A7}.Development|Win64.ActiveCfg = BuiltWithUnrealBuildTool|Win32
		{6926F452-BAED-4AA8-808D-C6C7B9C366A7}.Shipping|Win32.ActiveCfg = BuiltWithUnrealBuildTool|Win32
		{6926F452-BAED-4AA8-808D-C6C7B9C366A7}.Shipping|Win64.ActiveCfg = BuiltWithUnrealBuildTool|Win32
	EndGlobalSection
	GlobalSection(SolutionProperties) = preSolution
		HideSolutionNode = FALSE
	EndGlobalSection
	GlobalSection(NestedProjects) = preSolution
		{6926F452-BAED-4AA8-808D-C6C7B9C366A7} = {BAE4B1B1-A7CE-4440-88DD-97FB56167050}
		{56C5CBAB-BFC6-4C9E-9810-B50071FD9983} = {B7F8345A-C142-4D77-8262-F3A89D0CB5FD}
	EndGlobalSection
EndGlobal
